
Microsoft Visual Studio Solution File, Format Version 12.00
# Visual Studio Version 17
VisualStudioVersion = 17.11.35219.272
MinimumVisualStudioVersion = 10.0.40219.1
Project("{FAE04EC0-301F-11D3-BF4B-00C04F79EFBC}") = "uppgift_2_2", "uppgift_2_2\uppgift_2_2.csproj", "{970ABD0A-3F61-4A95-AE81-B88E5E55D5A6}"
EndProject
Global
	GlobalSection(SolutionConfigurationPlatforms) = preSolution
		Debug|Any CPU = Debug|Any CPU
		Release|Any CPU = Release|Any CPU
	EndGlobalSection
	GlobalSection(ProjectConfigurationPlatforms) = postSolution
		{970ABD0A-3F61-4A95-AE81-B88E5E55D5A6}.Debug|Any CPU.ActiveCfg = Debug|Any CPU
		{970ABD0A-3F61-4A95-AE81-B88E5E55D5A6}.Debug|Any CPU.Build.0 = Debug|Any CPU
		{970ABD0A-3F61-4A95-AE81-B88E5E55D5A6}.Release|Any CPU.ActiveCfg = Release|Any CPU
		{970ABD0A-3F61-4A95-AE81-B88E5E55D5A6}.Release|Any CPU.Build.0 = Release|Any CPU
	EndGlobalSection
	GlobalSection(SolutionProperties) = preSolution
		HideSolutionNode = FALSE
	EndGlobalSection
	GlobalSection(ExtensibilityGlobals) = postSolution
		SolutionGuid = {EF8BF153-67B7-4310-848D-DED2D9DA29C0}
	EndGlobalSection
EndGlobal
